# This file is automatically @generated by Cargo.
# It is not intended for manual editing.
[[package]]
name = "bitflags"
version = "1.2.1"
source = "registry+https://github.com/rust-lang/crates.io-index"
checksum = "cf1de2fe8c75bc145a2f577add951f8134889b4795d47466a54a5c846d691693"

[[package]]
name = "cardinal"
version = "0.1.0"
dependencies = [
 "bitflags",
 "lazy_static",
 "multiboot2",
 "spin 0.7.0",
]

[[package]]
name = "lazy_static"
version = "1.4.0"
source = "registry+https://github.com/rust-lang/crates.io-index"
checksum = "e2abad23fbc42b3700f2f279844dc832adb2b2eb069b2df918f455c4e18cc646"
dependencies = [
 "spin 0.5.2",
]

[[package]]
name = "multiboot2"
version = "0.10.1"
source = "registry+https://github.com/rust-lang/crates.io-index"
checksum = "13e9fc890ff2ef2ded9084c964b950da1bc9e26d480e446ae721607b899db1fd"
dependencies = [
 "bitflags",
]

[[package]]
name = "spin"
version = "0.5.2"
source = "registry+https://github.com/rust-lang/crates.io-index"
checksum = "6e63cff320ae2c57904679ba7cb63280a3dc4613885beafb148ee7bf9aa9042d"

[[package]]
name = "spin"
version = "0.7.0"
source = "registry+https://github.com/rust-lang/crates.io-index"
checksum = "652ac3743312871a5fb703f0337e68ffa3cdc28c863efad0b8dc858fa10c991b"
