# This file is automatically @generated by Cargo.
# It is not intended for manual editing.
[[package]]
name = "bitflags"
version = "1.2.1"
source = "registry+https://github.com/rust-lang/crates.io-index"
checksum = "cf1de2fe8c75bc145a2f577add951f8134889b4795d47466a54a5c846d691693"

[[package]]
name = "cardinal"
version = "0.1.0"
dependencies = [
 "multiboot2",
]

[[package]]
name = "multiboot2"
version = "0.8.2"
source = "registry+https://github.com/rust-lang/crates.io-index"
checksum = "24835c1bfe38142c78aa2d00769b0d76239c4b583d92f817e6e0a4f3631f40d6"
dependencies = [
 "bitflags",
]
